
Microsoft Visual Studio Solution File, Format Version 12.00
# Visual Studio Version 17
VisualStudioVersion = 17.6.33723.286
MinimumVisualStudioVersion = 10.0.40219.1
Project("{FAE04EC0-301F-11D3-BF4B-00C04F79EFBC}") = "movie-api", "movie-api\movie-api.csproj", "{7DF7E5A0-9E67-4F8C-B812-43685A0EF3C9}"
EndProject
Global
	GlobalSection(SolutionConfigurationPlatforms) = preSolution
		Debug|Any CPU = Debug|Any CPU
		Release|Any CPU = Release|Any CPU
	EndGlobalSection
	GlobalSection(ProjectConfigurationPlatforms) = postSolution
		{7DF7E5A0-9E67-4F8C-B812-43685A0EF3C9}.Debug|Any CPU.ActiveCfg = Debug|Any CPU
		{7DF7E5A0-9E67-4F8C-B812-43685A0EF3C9}.Debug|Any CPU.Build.0 = Debug|Any CPU
		{7DF7E5A0-9E67-4F8C-B812-43685A0EF3C9}.Release|Any CPU.ActiveCfg = Release|Any CPU
		{7DF7E5A0-9E67-4F8C-B812-43685A0EF3C9}.Release|Any CPU.Build.0 = Release|Any CPU
	EndGlobalSection
	GlobalSection(SolutionProperties) = preSolution
		HideSolutionNode = FALSE
	EndGlobalSection
	GlobalSection(ExtensibilityGlobals) = postSolution
		SolutionGuid = {16A3F092-D6B6-4127-925E-1FABF5777D00}
	EndGlobalSection
EndGlobal
